
Microsoft Visual Studio Solution File, Format Version 12.00
# Visual Studio Version 17
VisualStudioVersion = 17.3.32929.385
MinimumVisualStudioVersion = 10.0.40219.1
Project("{FAE04EC0-301F-11D3-BF4B-00C04F79EFBC}") = "POC_Leave_Management_System", "POC_Leave_Management_System.csproj", "{24CA3F91-AE5E-4D52-9309-261684A7D9EB}"
EndProject
Global
	GlobalSection(SolutionConfigurationPlatforms) = preSolution
		Debug|Any CPU = Debug|Any CPU
		Release|Any CPU = Release|Any CPU
	EndGlobalSection
	GlobalSection(ProjectConfigurationPlatforms) = postSolution
		{24CA3F91-AE5E-4D52-9309-261684A7D9EB}.Debug|Any CPU.ActiveCfg = Debug|Any CPU
		{24CA3F91-AE5E-4D52-9309-261684A7D9EB}.Debug|Any CPU.Build.0 = Debug|Any CPU
		{24CA3F91-AE5E-4D52-9309-261684A7D9EB}.Release|Any CPU.ActiveCfg = Release|Any CPU
		{24CA3F91-AE5E-4D52-9309-261684A7D9EB}.Release|Any CPU.Build.0 = Release|Any CPU
	EndGlobalSection
	GlobalSection(SolutionProperties) = preSolution
		HideSolutionNode = FALSE
	EndGlobalSection
	GlobalSection(ExtensibilityGlobals) = postSolution
		SolutionGuid = {FD31063F-5EE4-4EAA-9128-E8F221116AA0}
	EndGlobalSection
EndGlobal
